
Microsoft Visual Studio Solution File, Format Version 12.00
# Visual Studio Version 17
VisualStudioVersion = 17.4.33403.182
MinimumVisualStudioVersion = 10.0.40219.1
Project("{FAE04EC0-301F-11D3-BF4B-00C04F79EFBC}") = "GlitchEPLGen", "GlitchEPLGen.csproj", "{3DC67877-B4D5-4274-90A9-3C2BD6F75074}"
EndProject
Project("{9A19103F-16F7-4668-BE54-9A1E7A4F7556}") = "GFDStudio", "..\GFD-Studio\GFDStudio\GFDStudio.csproj", "{90E0A846-6106-418E-8EB1-89AD9B2EA2BB}"
EndProject
Project("{9A19103F-16F7-4668-BE54-9A1E7A4F7556}") = "GFDLibrary.NET5", "..\GFD-Studio\GFDLibrary\GFDLibrary.NET5.csproj", "{60142AF7-A4B9-4341-925D-BC7F44931BFD}"
EndProject
Global
	GlobalSection(SolutionConfigurationPlatforms) = preSolution
		Debug|Any CPU = Debug|Any CPU
		Release|Any CPU = Release|Any CPU
	EndGlobalSection
	GlobalSection(ProjectConfigurationPlatforms) = postSolution
		{3DC67877-B4D5-4274-90A9-3C2BD6F75074}.Debug|Any CPU.ActiveCfg = Debug|Any CPU
		{3DC67877-B4D5-4274-90A9-3C2BD6F75074}.Debug|Any CPU.Build.0 = Debug|Any CPU
		{3DC67877-B4D5-4274-90A9-3C2BD6F75074}.Release|Any CPU.ActiveCfg = Release|Any CPU
		{3DC67877-B4D5-4274-90A9-3C2BD6F75074}.Release|Any CPU.Build.0 = Release|Any CPU
		{90E0A846-6106-418E-8EB1-89AD9B2EA2BB}.Debug|Any CPU.ActiveCfg = Debug|Any CPU
		{90E0A846-6106-418E-8EB1-89AD9B2EA2BB}.Debug|Any CPU.Build.0 = Debug|Any CPU
		{90E0A846-6106-418E-8EB1-89AD9B2EA2BB}.Release|Any CPU.ActiveCfg = Release|Any CPU
		{90E0A846-6106-418E-8EB1-89AD9B2EA2BB}.Release|Any CPU.Build.0 = Release|Any CPU
		{60142AF7-A4B9-4341-925D-BC7F44931BFD}.Debug|Any CPU.ActiveCfg = Debug|Any CPU
		{60142AF7-A4B9-4341-925D-BC7F44931BFD}.Debug|Any CPU.Build.0 = Debug|Any CPU
		{60142AF7-A4B9-4341-925D-BC7F44931BFD}.Release|Any CPU.ActiveCfg = Release|Any CPU
		{60142AF7-A4B9-4341-925D-BC7F44931BFD}.Release|Any CPU.Build.0 = Release|Any CPU
	EndGlobalSection
	GlobalSection(SolutionProperties) = preSolution
		HideSolutionNode = FALSE
	EndGlobalSection
	GlobalSection(ExtensibilityGlobals) = postSolution
		SolutionGuid = {F944C8A0-04B8-4203-8EAE-BD13288E3F88}
	EndGlobalSection
EndGlobal
